
Microsoft Visual Studio Solution File, Format Version 12.00
# Visual Studio Version 16
VisualStudioVersion = 16.0.32901.82
MinimumVisualStudioVersion = 10.0.40219.1
Project("{FAE04EC0-301F-11D3-BF4B-00C04F79EFBC}") = "password_check", "password_check\password_check.csproj", "{6ED8263A-1FC1-4377-A432-8283D1793EB2}"
EndProject
Global
	GlobalSection(SolutionConfigurationPlatforms) = preSolution
		Debug|Any CPU = Debug|Any CPU
		Release|Any CPU = Release|Any CPU
	EndGlobalSection
	GlobalSection(ProjectConfigurationPlatforms) = postSolution
		{6ED8263A-1FC1-4377-A432-8283D1793EB2}.Debug|Any CPU.ActiveCfg = Debug|Any CPU
		{6ED8263A-1FC1-4377-A432-8283D1793EB2}.Debug|Any CPU.Build.0 = Debug|Any CPU
		{6ED8263A-1FC1-4377-A432-8283D1793EB2}.Release|Any CPU.ActiveCfg = Release|Any CPU
		{6ED8263A-1FC1-4377-A432-8283D1793EB2}.Release|Any CPU.Build.0 = Release|Any CPU
	EndGlobalSection
	GlobalSection(SolutionProperties) = preSolution
		HideSolutionNode = FALSE
	EndGlobalSection
	GlobalSection(ExtensibilityGlobals) = postSolution
		SolutionGuid = {0D00ADD3-D4B3-4489-911E-491FA9BDC07C}
	EndGlobalSection
EndGlobal
